
Microsoft Visual Studio Solution File, Format Version 12.00
# Visual Studio 15
VisualStudioVersion = 15.0.28306.52
MinimumVisualStudioVersion = 10.0.40219.1
Project("{8BC9CEB8-8B4A-11D0-8D11-00A0C91BC942}") = "fast_protobuf", "fast_protobuf\fast_protobuf.vcxproj", "{B03F4B12-DD19-4DB6-9E59-FCC38F2A46BA}"
EndProject
Global
	GlobalSection(SolutionConfigurationPlatforms) = preSolution
		Debug|x64 = Debug|x64
		Debug|x86 = Debug|x86
		Release|x64 = Release|x64
		Release|x86 = Release|x86
	EndGlobalSection
	GlobalSection(ProjectConfigurationPlatforms) = postSolution
		{B03F4B12-DD19-4DB6-9E59-FCC38F2A46BA}.Debug|x64.ActiveCfg = Debug|x64
		{B03F4B12-DD19-4DB6-9E59-FCC38F2A46BA}.Debug|x64.Build.0 = Debug|x64
		{B03F4B12-DD19-4DB6-9E59-FCC38F2A46BA}.Debug|x86.ActiveCfg = Debug|Win32
		{B03F4B12-DD19-4DB6-9E59-FCC38F2A46BA}.Debug|x86.Build.0 = Debug|Win32
		{B03F4B12-DD19-4DB6-9E59-FCC38F2A46BA}.Release|x64.ActiveCfg = Release|x64
		{B03F4B12-DD19-4DB6-9E59-FCC38F2A46BA}.Release|x64.Build.0 = Release|x64
		{B03F4B12-DD19-4DB6-9E59-FCC38F2A46BA}.Release|x86.ActiveCfg = Release|Win32
		{B03F4B12-DD19-4DB6-9E59-FCC38F2A46BA}.Release|x86.Build.0 = Release|Win32
	EndGlobalSection
	GlobalSection(SolutionProperties) = preSolution
		HideSolutionNode = FALSE
	EndGlobalSection
	GlobalSection(ExtensibilityGlobals) = postSolution
		SolutionGuid = {8AD30AFA-79E6-4473-92C7-F0B3E7BCA6A9}
	EndGlobalSection
EndGlobal
